
Microsoft Visual Studio Solution File, Format Version 12.00
# Visual Studio Version 17
VisualStudioVersion = 17.6.33829.357
MinimumVisualStudioVersion = 10.0.40219.1
Project("{9A19103F-16F7-4668-BE54-9A1E7A4F7556}") = "EduGate.APIs", "EduGate.APIs\EduGate.APIs.csproj", "{3395628C-4AC1-40F6-9F60-EF7D89A5F70E}"
EndProject
Project("{9A19103F-16F7-4668-BE54-9A1E7A4F7556}") = "EduGate.Core", "EduGate.Core\EduGate.Core.csproj", "{AA25DD9B-3B05-4108-8765-AACFBE654295}"
EndProject
Project("{9A19103F-16F7-4668-BE54-9A1E7A4F7556}") = "EduGate.Repositroy", "EduGate.Repositroy\EduGate.Repositroy.csproj", "{ED25C091-F04D-41CA-8ABD-143A9E93EE7C}"
EndProject
Project("{9A19103F-16F7-4668-BE54-9A1E7A4F7556}") = "EduGate.Service", "EduGate.Service\EduGate.Service.csproj", "{E4F3BC91-DEEB-4000-9957-397874FA3D76}"
EndProject
Global
	GlobalSection(SolutionConfigurationPlatforms) = preSolution
		Debug|Any CPU = Debug|Any CPU
		Release|Any CPU = Release|Any CPU
	EndGlobalSection
	GlobalSection(ProjectConfigurationPlatforms) = postSolution
		{3395628C-4AC1-40F6-9F60-EF7D89A5F70E}.Debug|Any CPU.ActiveCfg = Debug|Any CPU
		{3395628C-4AC1-40F6-9F60-EF7D89A5F70E}.Debug|Any CPU.Build.0 = Debug|Any CPU
		{3395628C-4AC1-40F6-9F60-EF7D89A5F70E}.Release|Any CPU.ActiveCfg = Release|Any CPU
		{3395628C-4AC1-40F6-9F60-EF7D89A5F70E}.Release|Any CPU.Build.0 = Release|Any CPU
		{AA25DD9B-3B05-4108-8765-AACFBE654295}.Debug|Any CPU.ActiveCfg = Debug|Any CPU
		{AA25DD9B-3B05-4108-8765-AACFBE654295}.Debug|Any CPU.Build.0 = Debug|Any CPU
		{AA25DD9B-3B05-4108-8765-AACFBE654295}.Release|Any CPU.ActiveCfg = Release|Any CPU
		{AA25DD9B-3B05-4108-8765-AACFBE654295}.Release|Any CPU.Build.0 = Release|Any CPU
		{ED25C091-F04D-41CA-8ABD-143A9E93EE7C}.Debug|Any CPU.ActiveCfg = Debug|Any CPU
		{ED25C091-F04D-41CA-8ABD-143A9E93EE7C}.Debug|Any CPU.Build.0 = Debug|Any CPU
		{ED25C091-F04D-41CA-8ABD-143A9E93EE7C}.Release|Any CPU.ActiveCfg = Release|Any CPU
		{ED25C091-F04D-41CA-8ABD-143A9E93EE7C}.Release|Any CPU.Build.0 = Release|Any CPU
		{E4F3BC91-DEEB-4000-9957-397874FA3D76}.Debug|Any CPU.ActiveCfg = Debug|Any CPU
		{E4F3BC91-DEEB-4000-9957-397874FA3D76}.Debug|Any CPU.Build.0 = Debug|Any CPU
		{E4F3BC91-DEEB-4000-9957-397874FA3D76}.Release|Any CPU.ActiveCfg = Release|Any CPU
		{E4F3BC91-DEEB-4000-9957-397874FA3D76}.Release|Any CPU.Build.0 = Release|Any CPU
	EndGlobalSection
	GlobalSection(SolutionProperties) = preSolution
		HideSolutionNode = FALSE
	EndGlobalSection
	GlobalSection(ExtensibilityGlobals) = postSolution
		SolutionGuid = {DA68453D-E63D-4A6C-8B5F-265743C3C8CE}
	EndGlobalSection
EndGlobal
